
Microsoft Visual Studio Solution File, Format Version 12.00
# Visual Studio Version 16
VisualStudioVersion = 16.0.29020.237
MinimumVisualStudioVersion = 10.0.40219.1
Project("{FAE04EC0-301F-11D3-BF4B-00C04F79EFBC}") = "RestSharpExample", "RestSharpExample\RestSharpExample.csproj", "{CCF14219-F1A4-4664-B1C5-1E4E4826CF14}"
EndProject
Project("{9A19103F-16F7-4668-BE54-9A1E7A4F7556}") = "RestProjectDemo", "RestProjectDemo\RestProjectDemo.csproj", "{1C4AA423-9569-4A10-A6E2-6A5E5CC90512}"
EndProject
Global
	GlobalSection(SolutionConfigurationPlatforms) = preSolution
		Debug|Any CPU = Debug|Any CPU
		Release|Any CPU = Release|Any CPU
	EndGlobalSection
	GlobalSection(ProjectConfigurationPlatforms) = postSolution
		{CCF14219-F1A4-4664-B1C5-1E4E4826CF14}.Debug|Any CPU.ActiveCfg = Debug|Any CPU
		{CCF14219-F1A4-4664-B1C5-1E4E4826CF14}.Debug|Any CPU.Build.0 = Debug|Any CPU
		{CCF14219-F1A4-4664-B1C5-1E4E4826CF14}.Release|Any CPU.ActiveCfg = Release|Any CPU
		{CCF14219-F1A4-4664-B1C5-1E4E4826CF14}.Release|Any CPU.Build.0 = Release|Any CPU
		{1C4AA423-9569-4A10-A6E2-6A5E5CC90512}.Debug|Any CPU.ActiveCfg = Debug|Any CPU
		{1C4AA423-9569-4A10-A6E2-6A5E5CC90512}.Debug|Any CPU.Build.0 = Debug|Any CPU
		{1C4AA423-9569-4A10-A6E2-6A5E5CC90512}.Release|Any CPU.ActiveCfg = Release|Any CPU
		{1C4AA423-9569-4A10-A6E2-6A5E5CC90512}.Release|Any CPU.Build.0 = Release|Any CPU
	EndGlobalSection
	GlobalSection(SolutionProperties) = preSolution
		HideSolutionNode = FALSE
	EndGlobalSection
	GlobalSection(ExtensibilityGlobals) = postSolution
		SolutionGuid = {80E39B1C-31E1-4488-AAD8-6ED9E4E81323}
	EndGlobalSection
EndGlobal
